
Microsoft Visual Studio Solution File, Format Version 12.00
# Visual Studio Version 17
VisualStudioVersion = 17.5.2.0
MinimumVisualStudioVersion = 10.0.40219.1
Project("{FAE04EC0-301F-11D3-BF4B-00C04F79EFBC}") = "W1.1a_Arrays", "W1.1a_Arrays\W1.1a_Arrays.csproj", "{AAED6E60-A057-AB17-F2AA-FD51DCC3E930}"
EndProject
Project("{FAE04EC0-301F-11D3-BF4B-00C04F79EFBC}") = "W1.1b_MultiDimensional_Jagged_Arrays", "W1.1b_MultiDimensional_Jagged_Arrays\W1.1b_MultiDimensional_Jagged_Arrays.csproj", "{9AB93142-EE4A-1398-CE75-D306594BB44E}"
EndProject
Project("{FAE04EC0-301F-11D3-BF4B-00C04F79EFBC}") = "W2_Sorting_Algorithms", "W2_Sorting_Algorithms\W2_Sorting_Algorithms.csproj", "{35DC9B34-CCCC-4C3D-B0B6-5A7B08178306}"
EndProject
Project("{FAE04EC0-301F-11D3-BF4B-00C04F79EFBC}") = "W3.1_SinglyLinkedList", "W3.1_SinglyLinkedList\W3.1_SinglyLinkedList.csproj", "{0B7B30E3-CA62-4E99-AA41-4DB6819DEE78}"
EndProject
Project("{FAE04EC0-301F-11D3-BF4B-00C04F79EFBC}") = "W3.2_DoublyLinkedList", "W3.2_DoublyLinkedList\W3.2_DoublyLinkedList.csproj", "{22D88E23-810C-40E4-9711-DBA84818F633}"
EndProject
Project("{FAE04EC0-301F-11D3-BF4B-00C04F79EFBC}") = "W3.3.1_Stack", "W3.3.1_Stack\W3.3.1_Stack.csproj", "{BF4C1BC1-95EF-43D2-8333-355A57537C1F}"
EndProject
Project("{FAE04EC0-301F-11D3-BF4B-00C04F79EFBC}") = "W3.3.2_Stack_Exception", "W3.3.2_Stack_Exception\W3.3.2_Stack_Exception.csproj", "{61E20073-CDEE-48D9-B16A-BE0744C3FA8B}"
EndProject
Project("{FAE04EC0-301F-11D3-BF4B-00C04F79EFBC}") = "W3.4_Queue", "W3.4_Queue\W3.4_Queue.csproj", "{408F522E-E2FC-46E2-A806-999645F19B1D}"
EndProject
Project("{FAE04EC0-301F-11D3-BF4B-00C04F79EFBC}") = "W4.1_HashTable", "W4.1_HashTable\W4.1_HashTable.csproj", "{BDFFD54C-6D61-4544-8429-D598A705AED4}"
EndProject
Project("{FAE04EC0-301F-11D3-BF4B-00C04F79EFBC}") = "W5.1_BST", "W5.1_BST\W5.1_BST.csproj", "{330E6592-FA8F-4091-B96F-E52AA9BD56E5}"
EndProject
Project("{FAE04EC0-301F-11D3-BF4B-00C04F79EFBC}") = "W6.1_Graph", "W6.1_Graph\W6.1_Graph.csproj", "{F1A55606-B714-468C-BC3B-4AC346668ECA}"
EndProject
Project("{FAE04EC0-301F-11D3-BF4B-00C04F79EFBC}") = "W7.1_Memoized_Fibonacci", "W7.1_Memoized_Fibonacci\W7.1_Memoized_Fibonacci.csproj", "{5AEE95A2-1DE4-4247-8534-DED5499C9998}"
EndProject
Project("{FAE04EC0-301F-11D3-BF4B-00C04F79EFBC}") = "W7.2_Floyd-Warshall", "W7.2_Floyd-Warshall\W7.2_Floyd-Warshall.csproj", "{40959761-6939-48F4-A602-B890586AAFF6}"
EndProject
Project("{FAE04EC0-301F-11D3-BF4B-00C04F79EFBC}") = "Q1_Tribonacci", "Q1_Tribonacci\Q1_Tribonacci.csproj", "{FF6B01B0-02C4-4EC4-95CC-0FBE525CE001}"
EndProject
Project("{FAE04EC0-301F-11D3-BF4B-00C04F79EFBC}") = "Q2_Dijkstra", "Q2_Dijkstra\Q2_Dijkstra.csproj", "{9C34D8E6-A7DB-4CCC-BF3B-C584548D9CDF}"
EndProject
Project("{FAE04EC0-301F-11D3-BF4B-00C04F79EFBC}") = "Hehehe", "Hehehe\Hehehe.csproj", "{96AABB7B-F4E4-4988-B841-706E2620CFFF}"
EndProject
Global
	GlobalSection(SolutionConfigurationPlatforms) = preSolution
		Debug|Any CPU = Debug|Any CPU
		Debug|x64 = Debug|x64
		Debug|x86 = Debug|x86
		Release|Any CPU = Release|Any CPU
		Release|x64 = Release|x64
		Release|x86 = Release|x86
	EndGlobalSection
	GlobalSection(ProjectConfigurationPlatforms) = postSolution
		{AAED6E60-A057-AB17-F2AA-FD51DCC3E930}.Debug|Any CPU.ActiveCfg = Debug|Any CPU
		{AAED6E60-A057-AB17-F2AA-FD51DCC3E930}.Debug|Any CPU.Build.0 = Debug|Any CPU
		{AAED6E60-A057-AB17-F2AA-FD51DCC3E930}.Debug|x64.ActiveCfg = Debug|Any CPU
		{AAED6E60-A057-AB17-F2AA-FD51DCC3E930}.Debug|x64.Build.0 = Debug|Any CPU
		{AAED6E60-A057-AB17-F2AA-FD51DCC3E930}.Debug|x86.ActiveCfg = Debug|Any CPU
		{AAED6E60-A057-AB17-F2AA-FD51DCC3E930}.Debug|x86.Build.0 = Debug|Any CPU
		{AAED6E60-A057-AB17-F2AA-FD51DCC3E930}.Release|Any CPU.ActiveCfg = Release|Any CPU
		{AAED6E60-A057-AB17-F2AA-FD51DCC3E930}.Release|Any CPU.Build.0 = Release|Any CPU
		{AAED6E60-A057-AB17-F2AA-FD51DCC3E930}.Release|x64.ActiveCfg = Release|Any CPU
		{AAED6E60-A057-AB17-F2AA-FD51DCC3E930}.Release|x64.Build.0 = Release|Any CPU
		{AAED6E60-A057-AB17-F2AA-FD51DCC3E930}.Release|x86.ActiveCfg = Release|Any CPU
		{AAED6E60-A057-AB17-F2AA-FD51DCC3E930}.Release|x86.Build.0 = Release|Any CPU
		{9AB93142-EE4A-1398-CE75-D306594BB44E}.Debug|Any CPU.ActiveCfg = Debug|Any CPU
		{9AB93142-EE4A-1398-CE75-D306594BB44E}.Debug|Any CPU.Build.0 = Debug|Any CPU
		{9AB93142-EE4A-1398-CE75-D306594BB44E}.Debug|x64.ActiveCfg = Debug|Any CPU
		{9AB93142-EE4A-1398-CE75-D306594BB44E}.Debug|x64.Build.0 = Debug|Any CPU
		{9AB93142-EE4A-1398-CE75-D306594BB44E}.Debug|x86.ActiveCfg = Debug|Any CPU
		{9AB93142-EE4A-1398-CE75-D306594BB44E}.Debug|x86.Build.0 = Debug|Any CPU
		{9AB93142-EE4A-1398-CE75-D306594BB44E}.Release|Any CPU.ActiveCfg = Release|Any CPU
		{9AB93142-EE4A-1398-CE75-D306594BB44E}.Release|Any CPU.Build.0 = Release|Any CPU
		{9AB93142-EE4A-1398-CE75-D306594BB44E}.Release|x64.ActiveCfg = Release|Any CPU
		{9AB93142-EE4A-1398-CE75-D306594BB44E}.Release|x64.Build.0 = Release|Any CPU
		{9AB93142-EE4A-1398-CE75-D306594BB44E}.Release|x86.ActiveCfg = Release|Any CPU
		{9AB93142-EE4A-1398-CE75-D306594BB44E}.Release|x86.Build.0 = Release|Any CPU
		{35DC9B34-CCCC-4C3D-B0B6-5A7B08178306}.Debug|Any CPU.ActiveCfg = Debug|Any CPU
		{35DC9B34-CCCC-4C3D-B0B6-5A7B08178306}.Debug|Any CPU.Build.0 = Debug|Any CPU
		{35DC9B34-CCCC-4C3D-B0B6-5A7B08178306}.Debug|x64.ActiveCfg = Debug|Any CPU
		{35DC9B34-CCCC-4C3D-B0B6-5A7B08178306}.Debug|x64.Build.0 = Debug|Any CPU
		{35DC9B34-CCCC-4C3D-B0B6-5A7B08178306}.Debug|x86.ActiveCfg = Debug|Any CPU
		{35DC9B34-CCCC-4C3D-B0B6-5A7B08178306}.Debug|x86.Build.0 = Debug|Any CPU
		{35DC9B34-CCCC-4C3D-B0B6-5A7B08178306}.Release|Any CPU.ActiveCfg = Release|Any CPU
		{35DC9B34-CCCC-4C3D-B0B6-5A7B08178306}.Release|Any CPU.Build.0 = Release|Any CPU
		{35DC9B34-CCCC-4C3D-B0B6-5A7B08178306}.Release|x64.ActiveCfg = Release|Any CPU
		{35DC9B34-CCCC-4C3D-B0B6-5A7B08178306}.Release|x64.Build.0 = Release|Any CPU
		{35DC9B34-CCCC-4C3D-B0B6-5A7B08178306}.Release|x86.ActiveCfg = Release|Any CPU
		{35DC9B34-CCCC-4C3D-B0B6-5A7B08178306}.Release|x86.Build.0 = Release|Any CPU
		{0B7B30E3-CA62-4E99-AA41-4DB6819DEE78}.Debug|Any CPU.ActiveCfg = Debug|Any CPU
		{0B7B30E3-CA62-4E99-AA41-4DB6819DEE78}.Debug|Any CPU.Build.0 = Debug|Any CPU
		{0B7B30E3-CA62-4E99-AA41-4DB6819DEE78}.Debug|x64.ActiveCfg = Debug|Any CPU
		{0B7B30E3-CA62-4E99-AA41-4DB6819DEE78}.Debug|x64.Build.0 = Debug|Any CPU
		{0B7B30E3-CA62-4E99-AA41-4DB6819DEE78}.Debug|x86.ActiveCfg = Debug|Any CPU
		{0B7B30E3-CA62-4E99-AA41-4DB6819DEE78}.Debug|x86.Build.0 = Debug|Any CPU
		{0B7B30E3-CA62-4E99-AA41-4DB6819DEE78}.Release|Any CPU.ActiveCfg = Release|Any CPU
		{0B7B30E3-CA62-4E99-AA41-4DB6819DEE78}.Release|Any CPU.Build.0 = Release|Any CPU
		{0B7B30E3-CA62-4E99-AA41-4DB6819DEE78}.Release|x64.ActiveCfg = Release|Any CPU
		{0B7B30E3-CA62-4E99-AA41-4DB6819DEE78}.Release|x64.Build.0 = Release|Any CPU
		{0B7B30E3-CA62-4E99-AA41-4DB6819DEE78}.Release|x86.ActiveCfg = Release|Any CPU
		{0B7B30E3-CA62-4E99-AA41-4DB6819DEE78}.Release|x86.Build.0 = Release|Any CPU
		{22D88E23-810C-40E4-9711-DBA84818F633}.Debug|Any CPU.ActiveCfg = Debug|Any CPU
		{22D88E23-810C-40E4-9711-DBA84818F633}.Debug|Any CPU.Build.0 = Debug|Any CPU
		{22D88E23-810C-40E4-9711-DBA84818F633}.Debug|x64.ActiveCfg = Debug|Any CPU
		{22D88E23-810C-40E4-9711-DBA84818F633}.Debug|x64.Build.0 = Debug|Any CPU
		{22D88E23-810C-40E4-9711-DBA84818F633}.Debug|x86.ActiveCfg = Debug|Any CPU
		{22D88E23-810C-40E4-9711-DBA84818F633}.Debug|x86.Build.0 = Debug|Any CPU
		{22D88E23-810C-40E4-9711-DBA84818F633}.Release|Any CPU.ActiveCfg = Release|Any CPU
		{22D88E23-810C-40E4-9711-DBA84818F633}.Release|Any CPU.Build.0 = Release|Any CPU
		{22D88E23-810C-40E4-9711-DBA84818F633}.Release|x64.ActiveCfg = Release|Any CPU
		{22D88E23-810C-40E4-9711-DBA84818F633}.Release|x64.Build.0 = Release|Any CPU
		{22D88E23-810C-40E4-9711-DBA84818F633}.Release|x86.ActiveCfg = Release|Any CPU
		{22D88E23-810C-40E4-9711-DBA84818F633}.Release|x86.Build.0 = Release|Any CPU
		{BF4C1BC1-95EF-43D2-8333-355A57537C1F}.Debug|Any CPU.ActiveCfg = Debug|Any CPU
		{BF4C1BC1-95EF-43D2-8333-355A57537C1F}.Debug|Any CPU.Build.0 = Debug|Any CPU
		{BF4C1BC1-95EF-43D2-8333-355A57537C1F}.Debug|x64.ActiveCfg = Debug|Any CPU
		{BF4C1BC1-95EF-43D2-8333-355A57537C1F}.Debug|x64.Build.0 = Debug|Any CPU
		{BF4C1BC1-95EF-43D2-8333-355A57537C1F}.Debug|x86.ActiveCfg = Debug|Any CPU
		{BF4C1BC1-95EF-43D2-8333-355A57537C1F}.Debug|x86.Build.0 = Debug|Any CPU
		{BF4C1BC1-95EF-43D2-8333-355A57537C1F}.Release|Any CPU.ActiveCfg = Release|Any CPU
		{BF4C1BC1-95EF-43D2-8333-355A57537C1F}.Release|Any CPU.Build.0 = Release|Any CPU
		{BF4C1BC1-95EF-43D2-8333-355A57537C1F}.Release|x64.ActiveCfg = Release|Any CPU
		{BF4C1BC1-95EF-43D2-8333-355A57537C1F}.Release|x64.Build.0 = Release|Any CPU
		{BF4C1BC1-95EF-43D2-8333-355A57537C1F}.Release|x86.ActiveCfg = Release|Any CPU
		{BF4C1BC1-95EF-43D2-8333-355A57537C1F}.Release|x86.Build.0 = Release|Any CPU
		{61E20073-CDEE-48D9-B16A-BE0744C3FA8B}.Debug|Any CPU.ActiveCfg = Debug|Any CPU
		{61E20073-CDEE-48D9-B16A-BE0744C3FA8B}.Debug|Any CPU.Build.0 = Debug|Any CPU
		{61E20073-CDEE-48D9-B16A-BE0744C3FA8B}.Debug|x64.ActiveCfg = Debug|Any CPU
		{61E20073-CDEE-48D9-B16A-BE0744C3FA8B}.Debug|x64.Build.0 = Debug|Any CPU
		{61E20073-CDEE-48D9-B16A-BE0744C3FA8B}.Debug|x86.ActiveCfg = Debug|Any CPU
		{61E20073-CDEE-48D9-B16A-BE0744C3FA8B}.Debug|x86.Build.0 = Debug|Any CPU
		{61E20073-CDEE-48D9-B16A-BE0744C3FA8B}.Release|Any CPU.ActiveCfg = Release|Any CPU
		{61E20073-CDEE-48D9-B16A-BE0744C3FA8B}.Release|Any CPU.Build.0 = Release|Any CPU
		{61E20073-CDEE-48D9-B16A-BE0744C3FA8B}.Release|x64.ActiveCfg = Release|Any CPU
		{61E20073-CDEE-48D9-B16A-BE0744C3FA8B}.Release|x64.Build.0 = Release|Any CPU
		{61E20073-CDEE-48D9-B16A-BE0744C3FA8B}.Release|x86.ActiveCfg = Release|Any CPU
		{61E20073-CDEE-48D9-B16A-BE0744C3FA8B}.Release|x86.Build.0 = Release|Any CPU
		{408F522E-E2FC-46E2-A806-999645F19B1D}.Debug|Any CPU.ActiveCfg = Debug|Any CPU
		{408F522E-E2FC-46E2-A806-999645F19B1D}.Debug|Any CPU.Build.0 = Debug|Any CPU
		{408F522E-E2FC-46E2-A806-999645F19B1D}.Debug|x64.ActiveCfg = Debug|Any CPU
		{408F522E-E2FC-46E2-A806-999645F19B1D}.Debug|x64.Build.0 = Debug|Any CPU
		{408F522E-E2FC-46E2-A806-999645F19B1D}.Debug|x86.ActiveCfg = Debug|Any CPU
		{408F522E-E2FC-46E2-A806-999645F19B1D}.Debug|x86.Build.0 = Debug|Any CPU
		{408F522E-E2FC-46E2-A806-999645F19B1D}.Release|Any CPU.ActiveCfg = Release|Any CPU
		{408F522E-E2FC-46E2-A806-999645F19B1D}.Release|Any CPU.Build.0 = Release|Any CPU
		{408F522E-E2FC-46E2-A806-999645F19B1D}.Release|x64.ActiveCfg = Release|Any CPU
		{408F522E-E2FC-46E2-A806-999645F19B1D}.Release|x64.Build.0 = Release|Any CPU
		{408F522E-E2FC-46E2-A806-999645F19B1D}.Release|x86.ActiveCfg = Release|Any CPU
		{408F522E-E2FC-46E2-A806-999645F19B1D}.Release|x86.Build.0 = Release|Any CPU
		{BDFFD54C-6D61-4544-8429-D598A705AED4}.Debug|Any CPU.ActiveCfg = Debug|Any CPU
		{BDFFD54C-6D61-4544-8429-D598A705AED4}.Debug|Any CPU.Build.0 = Debug|Any CPU
		{BDFFD54C-6D61-4544-8429-D598A705AED4}.Debug|x64.ActiveCfg = Debug|Any CPU
		{BDFFD54C-6D61-4544-8429-D598A705AED4}.Debug|x64.Build.0 = Debug|Any CPU
		{BDFFD54C-6D61-4544-8429-D598A705AED4}.Debug|x86.ActiveCfg = Debug|Any CPU
		{BDFFD54C-6D61-4544-8429-D598A705AED4}.Debug|x86.Build.0 = Debug|Any CPU
		{BDFFD54C-6D61-4544-8429-D598A705AED4}.Release|Any CPU.ActiveCfg = Release|Any CPU
		{BDFFD54C-6D61-4544-8429-D598A705AED4}.Release|Any CPU.Build.0 = Release|Any CPU
		{BDFFD54C-6D61-4544-8429-D598A705AED4}.Release|x64.ActiveCfg = Release|Any CPU
		{BDFFD54C-6D61-4544-8429-D598A705AED4}.Release|x64.Build.0 = Release|Any CPU
		{BDFFD54C-6D61-4544-8429-D598A705AED4}.Release|x86.ActiveCfg = Release|Any CPU
		{BDFFD54C-6D61-4544-8429-D598A705AED4}.Release|x86.Build.0 = Release|Any CPU
		{330E6592-FA8F-4091-B96F-E52AA9BD56E5}.Debug|Any CPU.ActiveCfg = Debug|Any CPU
		{330E6592-FA8F-4091-B96F-E52AA9BD56E5}.Debug|Any CPU.Build.0 = Debug|Any CPU
		{330E6592-FA8F-4091-B96F-E52AA9BD56E5}.Debug|x64.ActiveCfg = Debug|Any CPU
		{330E6592-FA8F-4091-B96F-E52AA9BD56E5}.Debug|x64.Build.0 = Debug|Any CPU
		{330E6592-FA8F-4091-B96F-E52AA9BD56E5}.Debug|x86.ActiveCfg = Debug|Any CPU
		{330E6592-FA8F-4091-B96F-E52AA9BD56E5}.Debug|x86.Build.0 = Debug|Any CPU
		{330E6592-FA8F-4091-B96F-E52AA9BD56E5}.Release|Any CPU.ActiveCfg = Release|Any CPU
		{330E6592-FA8F-4091-B96F-E52AA9BD56E5}.Release|Any CPU.Build.0 = Release|Any CPU
		{330E6592-FA8F-4091-B96F-E52AA9BD56E5}.Release|x64.ActiveCfg = Release|Any CPU
		{330E6592-FA8F-4091-B96F-E52AA9BD56E5}.Release|x64.Build.0 = Release|Any CPU
		{330E6592-FA8F-4091-B96F-E52AA9BD56E5}.Release|x86.ActiveCfg = Release|Any CPU
		{330E6592-FA8F-4091-B96F-E52AA9BD56E5}.Release|x86.Build.0 = Release|Any CPU
		{F1A55606-B714-468C-BC3B-4AC346668ECA}.Debug|Any CPU.ActiveCfg = Debug|Any CPU
		{F1A55606-B714-468C-BC3B-4AC346668ECA}.Debug|Any CPU.Build.0 = Debug|Any CPU
		{F1A55606-B714-468C-BC3B-4AC346668ECA}.Debug|x64.ActiveCfg = Debug|Any CPU
		{F1A55606-B714-468C-BC3B-4AC346668ECA}.Debug|x64.Build.0 = Debug|Any CPU
		{F1A55606-B714-468C-BC3B-4AC346668ECA}.Debug|x86.ActiveCfg = Debug|Any CPU
		{F1A55606-B714-468C-BC3B-4AC346668ECA}.Debug|x86.Build.0 = Debug|Any CPU
		{F1A55606-B714-468C-BC3B-4AC346668ECA}.Release|Any CPU.ActiveCfg = Release|Any CPU
		{F1A55606-B714-468C-BC3B-4AC346668ECA}.Release|Any CPU.Build.0 = Release|Any CPU
		{F1A55606-B714-468C-BC3B-4AC346668ECA}.Release|x64.ActiveCfg = Release|Any CPU
		{F1A55606-B714-468C-BC3B-4AC346668ECA}.Release|x64.Build.0 = Release|Any CPU
		{F1A55606-B714-468C-BC3B-4AC346668ECA}.Release|x86.ActiveCfg = Release|Any CPU
		{F1A55606-B714-468C-BC3B-4AC346668ECA}.Release|x86.Build.0 = Release|Any CPU
		{5AEE95A2-1DE4-4247-8534-DED5499C9998}.Debug|Any CPU.ActiveCfg = Debug|Any CPU
		{5AEE95A2-1DE4-4247-8534-DED5499C9998}.Debug|Any CPU.Build.0 = Debug|Any CPU
		{5AEE95A2-1DE4-4247-8534-DED5499C9998}.Debug|x64.ActiveCfg = Debug|Any CPU
		{5AEE95A2-1DE4-4247-8534-DED5499C9998}.Debug|x64.Build.0 = Debug|Any CPU
		{5AEE95A2-1DE4-4247-8534-DED5499C9998}.Debug|x86.ActiveCfg = Debug|Any CPU
		{5AEE95A2-1DE4-4247-8534-DED5499C9998}.Debug|x86.Build.0 = Debug|Any CPU
		{5AEE95A2-1DE4-4247-8534-DED5499C9998}.Release|Any CPU.ActiveCfg = Release|Any CPU
		{5AEE95A2-1DE4-4247-8534-DED5499C9998}.Release|Any CPU.Build.0 = Release|Any CPU
		{5AEE95A2-1DE4-4247-8534-DED5499C9998}.Release|x64.ActiveCfg = Release|Any CPU
		{5AEE95A2-1DE4-4247-8534-DED5499C9998}.Release|x64.Build.0 = Release|Any CPU
		{5AEE95A2-1DE4-4247-8534-DED5499C9998}.Release|x86.ActiveCfg = Release|Any CPU
		{5AEE95A2-1DE4-4247-8534-DED5499C9998}.Release|x86.Build.0 = Release|Any CPU
		{40959761-6939-48F4-A602-B890586AAFF6}.Debug|Any CPU.ActiveCfg = Debug|Any CPU
		{40959761-6939-48F4-A602-B890586AAFF6}.Debug|Any CPU.Build.0 = Debug|Any CPU
		{40959761-6939-48F4-A602-B890586AAFF6}.Debug|x64.ActiveCfg = Debug|Any CPU
		{40959761-6939-48F4-A602-B890586AAFF6}.Debug|x64.Build.0 = Debug|Any CPU
		{40959761-6939-48F4-A602-B890586AAFF6}.Debug|x86.ActiveCfg = Debug|Any CPU
		{40959761-6939-48F4-A602-B890586AAFF6}.Debug|x86.Build.0 = Debug|Any CPU
		{40959761-6939-48F4-A602-B890586AAFF6}.Release|Any CPU.ActiveCfg = Release|Any CPU
		{40959761-6939-48F4-A602-B890586AAFF6}.Release|Any CPU.Build.0 = Release|Any CPU
		{40959761-6939-48F4-A602-B890586AAFF6}.Release|x64.ActiveCfg = Release|Any CPU
		{40959761-6939-48F4-A602-B890586AAFF6}.Release|x64.Build.0 = Release|Any CPU
		{40959761-6939-48F4-A602-B890586AAFF6}.Release|x86.ActiveCfg = Release|Any CPU
		{40959761-6939-48F4-A602-B890586AAFF6}.Release|x86.Build.0 = Release|Any CPU
		{FF6B01B0-02C4-4EC4-95CC-0FBE525CE001}.Debug|Any CPU.ActiveCfg = Debug|Any CPU
		{FF6B01B0-02C4-4EC4-95CC-0FBE525CE001}.Debug|Any CPU.Build.0 = Debug|Any CPU
		{FF6B01B0-02C4-4EC4-95CC-0FBE525CE001}.Debug|x64.ActiveCfg = Debug|Any CPU
		{FF6B01B0-02C4-4EC4-95CC-0FBE525CE001}.Debug|x64.Build.0 = Debug|Any CPU
		{FF6B01B0-02C4-4EC4-95CC-0FBE525CE001}.Debug|x86.ActiveCfg = Debug|Any CPU
		{FF6B01B0-02C4-4EC4-95CC-0FBE525CE001}.Debug|x86.Build.0 = Debug|Any CPU
		{FF6B01B0-02C4-4EC4-95CC-0FBE525CE001}.Release|Any CPU.ActiveCfg = Release|Any CPU
		{FF6B01B0-02C4-4EC4-95CC-0FBE525CE001}.Release|Any CPU.Build.0 = Release|Any CPU
		{FF6B01B0-02C4-4EC4-95CC-0FBE525CE001}.Release|x64.ActiveCfg = Release|Any CPU
		{FF6B01B0-02C4-4EC4-95CC-0FBE525CE001}.Release|x64.Build.0 = Release|Any CPU
		{FF6B01B0-02C4-4EC4-95CC-0FBE525CE001}.Release|x86.ActiveCfg = Release|Any CPU
		{FF6B01B0-02C4-4EC4-95CC-0FBE525CE001}.Release|x86.Build.0 = Release|Any CPU
		{9C34D8E6-A7DB-4CCC-BF3B-C584548D9CDF}.Debug|Any CPU.ActiveCfg = Debug|Any CPU
		{9C34D8E6-A7DB-4CCC-BF3B-C584548D9CDF}.Debug|Any CPU.Build.0 = Debug|Any CPU
		{9C34D8E6-A7DB-4CCC-BF3B-C584548D9CDF}.Debug|x64.ActiveCfg = Debug|Any CPU
		{9C34D8E6-A7DB-4CCC-BF3B-C584548D9CDF}.Debug|x64.Build.0 = Debug|Any CPU
		{9C34D8E6-A7DB-4CCC-BF3B-C584548D9CDF}.Debug|x86.ActiveCfg = Debug|Any CPU
		{9C34D8E6-A7DB-4CCC-BF3B-C584548D9CDF}.Debug|x86.Build.0 = Debug|Any CPU
		{9C34D8E6-A7DB-4CCC-BF3B-C584548D9CDF}.Release|Any CPU.ActiveCfg = Release|Any CPU
		{9C34D8E6-A7DB-4CCC-BF3B-C584548D9CDF}.Release|Any CPU.Build.0 = Release|Any CPU
		{9C34D8E6-A7DB-4CCC-BF3B-C584548D9CDF}.Release|x64.ActiveCfg = Release|Any CPU
		{9C34D8E6-A7DB-4CCC-BF3B-C584548D9CDF}.Release|x64.Build.0 = Release|Any CPU
		{9C34D8E6-A7DB-4CCC-BF3B-C584548D9CDF}.Release|x86.ActiveCfg = Release|Any CPU
		{9C34D8E6-A7DB-4CCC-BF3B-C584548D9CDF}.Release|x86.Build.0 = Release|Any CPU
		{96AABB7B-F4E4-4988-B841-706E2620CFFF}.Debug|Any CPU.ActiveCfg = Debug|Any CPU
		{96AABB7B-F4E4-4988-B841-706E2620CFFF}.Debug|Any CPU.Build.0 = Debug|Any CPU
		{96AABB7B-F4E4-4988-B841-706E2620CFFF}.Debug|x64.ActiveCfg = Debug|Any CPU
		{96AABB7B-F4E4-4988-B841-706E2620CFFF}.Debug|x64.Build.0 = Debug|Any CPU
		{96AABB7B-F4E4-4988-B841-706E2620CFFF}.Debug|x86.ActiveCfg = Debug|Any CPU
		{96AABB7B-F4E4-4988-B841-706E2620CFFF}.Debug|x86.Build.0 = Debug|Any CPU
		{96AABB7B-F4E4-4988-B841-706E2620CFFF}.Release|Any CPU.ActiveCfg = Release|Any CPU
		{96AABB7B-F4E4-4988-B841-706E2620CFFF}.Release|Any CPU.Build.0 = Release|Any CPU
		{96AABB7B-F4E4-4988-B841-706E2620CFFF}.Release|x64.ActiveCfg = Release|Any CPU
		{96AABB7B-F4E4-4988-B841-706E2620CFFF}.Release|x64.Build.0 = Release|Any CPU
		{96AABB7B-F4E4-4988-B841-706E2620CFFF}.Release|x86.ActiveCfg = Release|Any CPU
		{96AABB7B-F4E4-4988-B841-706E2620CFFF}.Release|x86.Build.0 = Release|Any CPU
	EndGlobalSection
	GlobalSection(SolutionProperties) = preSolution
		HideSolutionNode = FALSE
	EndGlobalSection
	GlobalSection(ExtensibilityGlobals) = postSolution
		SolutionGuid = {93B59823-AD1D-4BE8-AE34-7286BACC00B2}
	EndGlobalSection
EndGlobal
